// !$*UTF8*$!
{
	archiveVersion = 1;
	classes = {
	};
	objectVersion = 55;
	objects = {

/* Begin PBXBuildFile section */
		F4EC190D2838D9CB00C2189A /* main.m in Sources */ = {isa = PBXBuildFile; fileRef = F4EC190C2838D9CB00C2189A /* main.m */; };
		F4EC19152838DBF300C2189A /* Aaccount.m in Sources */ = {isa = PBXBuildFile; fileRef = F4EC19142838DBF300C2189A /* Aaccount.m */; };
		F4EC19182838E59700C2189A /* User.m in Sources */ = {isa = PBXBuildFile; fileRef = F4EC19172838E59700C2189A /* User.m */; };
		F4EC1931283906C800C2189A /* Webopost.m in Sources */ = {isa = PBXBuildFile; fileRef = F4EC1930283906C800C2189A /* Webopost.m */; };
/* End PBXBuildFile section */

/* Begin PBXCopyFilesBuildPhase section */
		F4EC19072838D9CB00C2189A /* CopyFiles */ = {
			isa = PBXCopyFilesBuildPhase;
			buildActionMask = 2147483647;
			dstPath = /usr/share/man/man1/;
			dstSubfolderSpec = 0;
			files = (
			);
			runOnlyForDeploymentPostprocessing = 1;
		};
/* End PBXCopyFilesBuildPhase section */

/* Begin PBXFileReference section */
		F4EC19092838D9CB00C2189A /* weiboExercise */ = {isa = PBXFileReference; explicitFileType = "compiled.mach-o.executable"; includeInIndex = 0; path = weiboExercise; sourceTree = BUILT_PRODUCTS_DIR; };
		F4EC190C2838D9CB00C2189A /* main.m */ = {isa = PBXFileReference; lastKnownFileType = sourcecode.c.objc; path = main.m; sourceTree = "<group>"; };
		F4EC19132838DBF300C2189A /* Aaccount.h */ = {isa = PBXFileReference; lastKnownFileType = sourcecode.c.h; path = Aaccount.h; sourceTree = "<group>"; };
		F4EC19142838DBF300C2189A /* Aaccount.m */ = {isa = PBXFileReference; lastKnownFileType = sourcecode.c.objc; path = Aaccount.m; sourceTree = "<group>"; };
		F4EC19162838E59700C2189A /* User.h */ = {isa = PBXFileReference; lastKnownFileType = sourcecode.c.h; path = User.h; sourceTree = "<group>"; };
		F4EC19172838E59700C2189A /* User.m */ = {isa = PBXFileReference; lastKnownFileType = sourcecode.c.objc; path = User.m; sourceTree = "<group>"; };
		F4EC192F283906C800C2189A /* Webopost.h */ = {isa = PBXFileReference; lastKnownFileType = sourcecode.c.h; path = Webopost.h; sourceTree = "<group>"; };
		F4EC1930283906C800C2189A /* Webopost.m */ = {isa = PBXFileReference; lastKnownFileType = sourcecode.c.objc; path = Webopost.m; sourceTree = "<group>"; };
/* End PBXFileReference section */

/* Begin PBXFrameworksBuildPhase section */
		F4EC19062838D9CB00C2189A /* Frameworks */ = {
			isa = PBXFrameworksBuildPhase;
			buildActionMask = 2147483647;
			files = (
			);
			runOnlyForDeploymentPostprocessing = 0;
		};
/* End PBXFrameworksBuildPhase section */

/* Begin PBXGroup section */
		F4EC19002838D9CB00C2189A = {
			isa = PBXGroup;
			children = (
				F4EC190B2838D9CB00C2189A /* weiboExercise */,
				F4EC190A2838D9CB00C2189A /* Products */,
			);
			sourceTree = "<group>";
		};
		F4EC190A2838D9CB00C2189A /* Products */ = {
			isa = PBXGroup;
			children = (
				F4EC19092838D9CB00C2189A /* weiboExercise */,
			);
			name = Products;
			sourceTree = "<group>";
		};
		F4EC190B2838D9CB00C2189A /* weiboExercise */ = {
			isa = PBXGroup;
			children = (
				F4EC190C2838D9CB00C2189A /* main.m */,
				F4EC19162838E59700C2189A /* User.h */,
				F4EC19172838E59700C2189A /* User.m */,
				F4EC19132838DBF300C2189A /* Aaccount.h */,
				F4EC19142838DBF300C2189A /* Aaccount.m */,
				F4EC192F283906C800C2189A /* Webopost.h */,
				F4EC1930283906C800C2189A /* Webopost.m */,
			);
			path = weiboExercise;
			sourceTree = "<group>";
		};
/* End PBXGroup section */

/* Begin PBXNativeTarget section */
		F4EC19082838D9CB00C2189A /* weiboExercise */ = {
			isa = PBXNativeTarget;
			buildConfigurationList = F4EC19102838D9CB00C2189A /* Build configuration list for PBXNativeTarget "weiboExercise" */;
			buildPhases = (
				F4EC19052838D9CB00C2189A /* Sources */,
				F4EC19062838D9CB00C2189A /* Frameworks */,
				F4EC19072838D9CB00C2189A /* CopyFiles */,
			);
			buildRules = (
			);
			dependencies = (
			);
			name = weiboExercise;
			productName = weiboExercise;
			productReference = F4EC19092838D9CB00C2189A /* weiboExercise */;
			productType = "com.apple.product-type.tool";
		};
/* End PBXNativeTarget section */

/* Begin PBXProject section */
		F4EC19012838D9CB00C2189A /* Project object */ = {
			isa = PBXProject;
			attributes = {
				BuildIndependentTargetsInParallel = 1;
				LastUpgradeCheck = 1340;
				TargetAttributes = {
					F4EC19082838D9CB00C2189A = {
						CreatedOnToolsVersion = 13.4;
					};
				};
			};
			buildConfigurationList = F4EC19042838D9CB00C2189A /* Build configuration list for PBXProject "weiboExercise" */;
			compatibilityVersion = "Xcode 13.0";
			developmentRegion = en;
			hasScannedForEncodings = 0;
			knownRegions = (
				en,
				Base,
			);
			mainGroup = F4EC19002838D9CB00C2189A;
			productRefGroup = F4EC190A2838D9CB00C2189A /* Products */;
			projectDirPath = "";
			projectRoot = "";
			targets = (
				F4EC19082838D9CB00C2189A /* weiboExercise */,
			);
		};
/* End PBXProject section */

/* Begin PBXSourcesBuildPhase section */
		F4EC19052838D9CB00C2189A /* Sources */ = {
			isa = PBXSourcesBuildPhase;
			buildActionMask = 2147483647;
			files = (
				F4EC1931283906C800C2189A /* Webopost.m in Sources */,
				F4EC190D2838D9CB00C2189A /* main.m in Sources */,
				F4EC19152838DBF300C2189A /* Aaccount.m in Sources */,
				F4EC19182838E59700C2189A /* User.m in Sources */,
			);
			runOnlyForDeploymentPostprocessing = 0;
		};
/* End PBXSourcesBuildPhase section */

/* Begin XCBuildConfiguration section */
		F4EC190E2838D9CB00C2189A /* Debug */ = {
			isa = XCBuildConfiguration;
			buildSettings = {
				ALWAYS_SEARCH_USER_PATHS = NO;
				CLANG_ANALYZER_NONNULL = YES;
				CLANG_ANALYZER_NUMBER_OBJECT_CONVERSION = YES_AGGRESSIVE;
				CLANG_CXX_LANGUAGE_STANDARD = "gnu++17";
				CLANG_ENABLE_MODULES = YES;
				CLANG_ENABLE_OBJC_ARC = YES;
				CLANG_ENABLE_OBJC_WEAK = YES;
				CLANG_WARN_BLOCK_CAPTURE_AUTORELEASING = YES;
				CLANG_WARN_BOOL_CONVERSION = YES;
				CLANG_WARN_COMMA = YES;
				CLANG_WARN_CONSTANT_CONVERSION = YES;
				CLANG_WARN_DEPRECATED_OBJC_IMPLEMENTATIONS = YES;
				CLANG_WARN_DIRECT_OBJC_ISA_USAGE = YES_ERROR;
				CLANG_WARN_DOCUMENTATION_COMMENTS = YES;
				CLANG_WARN_EMPTY_BODY = YES;
				CLANG_WARN_ENUM_CONVERSION = YES;
				CLANG_WARN_INFINITE_RECURSION = YES;
				CLANG_WARN_INT_CONVERSION = YES;
				CLANG_WARN_NON_LITERAL_NULL_CONVERSION = YES;
				CLANG_WARN_OBJC_IMPLICIT_RETAIN_SELF = YES;
				CLANG_WARN_OBJC_LITERAL_CONVERSION = YES;
				CLANG_WARN_OBJC_ROOT_CLASS = YES_ERROR;
				CLANG_WARN_QUOTED_INCLUDE_IN_FRAMEWORK_HEADER = YES;
				CLANG_WARN_RANGE_LOOP_ANALYSIS = YES;
				CLANG_WARN_STRICT_PROTOTYPES = YES;
				CLANG_WARN_SUSPICIOUS_MOVE = YES;
				CLANG_WARN_UNGUARDED_AVAILABILITY = YES_AGGRESSIVE;
				CLANG_WARN_UNREACHABLE_CODE = YES;
				CLANG_WARN__DUPLICATE_METHOD_MATCH = YES;
				COPY_PHASE_STRIP = NO;
				DEBUG_INFORMATION_FORMAT = dwarf;
				ENABLE_STRICT_OBJC_MSGSEND = YES;
				ENABLE_TESTABILITY = YES;
				GCC_C_LANGUAGE_STANDARD = gnu11;
				GCC_DYNAMIC_NO_PIC = NO;
				GCC_NO_COMMON_BLOCKS = YES;
				GCC_OPTIMIZATION_LEVEL = 0;
				GCC_PREPROCESSOR_DEFINITIONS = (
					"DEBUG=1",
					"$(inherited)",
				);
				GCC_WARN_64_TO_32_BIT_CONVERSION = YES;
				GCC_WARN_ABOUT_RETURN_TYPE = YES_ERROR;
				GCC_WARN_UNDECLARED_SELECTOR = YES;
				GCC_WARN_UNINITIALIZED_AUTOS = YES_AGGRESSIVE;
				GCC_WARN_UNUSED_FUNCTION = YES;
				GCC_WARN_UNUSED_VARIABLE = YES;
				MACOSX_DEPLOYMENT_TARGET = 12.3;
				MTL_ENABLE_DEBUG_INFO = INCLUDE_SOURCE;
				MTL_FAST_MATH = YES;
				ONLY_ACTIVE_ARCH = YES;
				SDKROOT = macosx;
			};
			name = Debug;
		};
		F4EC190F2838D9CB00C2189A /* Release */ = {
			isa = XCBuildConfiguration;
			buildSettings = {
				ALWAYS_SEARCH_USER_PATHS = NO;
				CLANG_ANALYZER_NONNULL = YES;
				CLANG_ANALYZER_NUMBER_OBJECT_CONVERSION = YES_AGGRESSIVE;
				CLANG_CXX_LANGUAGE_STANDARD = "gnu++17";
				CLANG_ENABLE_MODULES = YES;
				CLANG_ENABLE_OBJC_ARC = YES;
				CLANG_ENABLE_OBJC_WEAK = YES;
				CLANG_WARN_BLOCK_CAPTURE_AUTORELEASING = YES;
				CLANG_WARN_BOOL_CONVERSION = YES;
				CLANG_WARN_COMMA = YES;
				CLANG_WARN_CONSTANT_CONVERSION = YES;
				CLANG_WARN_DEPRECATED_OBJC_IMPLEMENTATIONS = YES;
				CLANG_WARN_DIRECT_OBJC_ISA_USAGE = YES_ERROR;
				CLANG_WARN_DOCUMENTATION_COMMENTS = YES;
				CLANG_WARN_EMPTY_BODY = YES;
				CLANG_WARN_ENUM_CONVERSION = YES;
				CLANG_WARN_INFINITE_RECURSION = YES;
				CLANG_WARN_INT_CONVERSION = YES;
				CLANG_WARN_NON_LITERAL_NULL_CONVERSION = YES;
				CLANG_WARN_OBJC_IMPLICIT_RETAIN_SELF = YES;
				CLANG_WARN_OBJC_LITERAL_CONVERSION = YES;
				CLANG_WARN_OBJC_ROOT_CLASS = YES_ERROR;
				CLANG_WARN_QUOTED_INCLUDE_IN_FRAMEWORK_HEADER = YES;
				CLANG_WARN_RANGE_LOOP_ANALYSIS = YES;
				CLANG_WARN_STRICT_PROTOTYPES = YES;
				CLANG_WARN_SUSPICIOUS_MOVE = YES;
				CLANG_WARN_UNGUARDED_AVAILABILITY = YES_AGGRESSIVE;
				CLANG_WARN_UNREACHABLE_CODE = YES;
				CLANG_WARN__DUPLICATE_METHOD_MATCH = YES;
				COPY_PHASE_STRIP = NO;
				DEBUG_INFORMATION_FORMAT = "dwarf-with-dsym";
				ENABLE_NS_ASSERTIONS = NO;
				ENABLE_STRICT_OBJC_MSGSEND = YES;
				GCC_C_LANGUAGE_STANDARD = gnu11;
				GCC_NO_COMMON_BLOCKS = YES;
				GCC_WARN_64_TO_32_BIT_CONVERSION = YES;
				GCC_WARN_ABOUT_RETURN_TYPE = YES_ERROR;
				GCC_WARN_UNDECLARED_SELECTOR = YES;
				GCC_WARN_UNINITIALIZED_AUTOS = YES_AGGRESSIVE;
				GCC_WARN_UNUSED_FUNCTION = YES;
				GCC_WARN_UNUSED_VARIABLE = YES;
				MACOSX_DEPLOYMENT_TARGET = 12.3;
				MTL_ENABLE_DEBUG_INFO = NO;
				MTL_FAST_MATH = YES;
				SDKROOT = macosx;
			};
			name = Release;
		};
		F4EC19112838D9CB00C2189A /* Debug */ = {
			isa = XCBuildConfiguration;
			buildSettings = {
				CLANG_ENABLE_OBJC_ARC = NO;
				CLANG_MODULES_AUTOLINK = YES;
				CODE_SIGN_STYLE = Automatic;
				PRODUCT_NAME = "$(TARGET_NAME)";
			};
			name = Debug;
		};
		F4EC19122838D9CB00C2189A /* Release */ = {
			isa = XCBuildConfiguration;
			buildSettings = {
				CLANG_ENABLE_OBJC_ARC = NO;
				CLANG_MODULES_AUTOLINK = YES;
				CODE_SIGN_STYLE = Automatic;
				PRODUCT_NAME = "$(TARGET_NAME)";
			};
			name = Release;
		};
/* End XCBuildConfiguration section */

/* Begin XCConfigurationList section */
		F4EC19042838D9CB00C2189A /* Build configuration list for PBXProject "weiboExercise" */ = {
			isa = XCConfigurationList;
			buildConfigurations = (
				F4EC190E2838D9CB00C2189A /* Debug */,
				F4EC190F2838D9CB00C2189A /* Release */,
			);
			defaultConfigurationIsVisible = 0;
			defaultConfigurationName = Release;
		};
		F4EC19102838D9CB00C2189A /* Build configuration list for PBXNativeTarget "weiboExercise" */ = {
			isa = XCConfigurationList;
			buildConfigurations = (
				F4EC19112838D9CB00C2189A /* Debug */,
				F4EC19122838D9CB00C2189A /* Release */,
			);
			defaultConfigurationIsVisible = 0;
			defaultConfigurationName = Release;
		};
/* End XCConfigurationList section */
	};
	rootObject = F4EC19012838D9CB00C2189A /* Project object */;
}
